// !$*UTF8*$!
{
	archiveVersion = 1;
	classes = {
	};
	objectVersion = 50;
	objects = {

/* Begin PBXBuildFile section */
		52DC24A722512F9D009C6AAD /* AppDelegate.swift in Sources */ = {isa = PBXBuildFile; fileRef = 52DC24A622512F9D009C6AAD /* AppDelegate.swift */; };
		52DC24A922512F9D009C6AAD /* ViewController.swift in Sources */ = {isa = PBXBuildFile; fileRef = 52DC24A822512F9D009C6AAD /* ViewController.swift */; };
		52DC24AC22512F9D009C6AAD /* Main.storyboard in Resources */ = {isa = PBXBuildFile; fileRef = 52DC24AA22512F9D009C6AAD /* Main.storyboard */; };
		52DC24AE22512FB6009C6AAD /* Assets.xcassets in Resources */ = {isa = PBXBuildFile; fileRef = 52DC24AD22512FB6009C6AAD /* Assets.xcassets */; };
		52DC24B122512FB6009C6AAD /* LaunchScreen.storyboard in Resources */ = {isa = PBXBuildFile; fileRef = 52DC24AF22512FB6009C6AAD /* LaunchScreen.storyboard */; };
		52DC24BC22512FB8009C6AAD /* ParstagramTests.swift in Sources */ = {isa = PBXBuildFile; fileRef = 52DC24BB22512FB8009C6AAD /* ParstagramTests.swift */; };
		52DC24C722512FB8009C6AAD /* ParstagramUITests.swift in Sources */ = {isa = PBXBuildFile; fileRef = 52DC24C622512FB8009C6AAD /* ParstagramUITests.swift */; };
/* End PBXBuildFile section */

/* Begin PBXContainerItemProxy section */
		52DC24B822512FB8009C6AAD /* PBXContainerItemProxy */ = {
			isa = PBXContainerItemProxy;
			containerPortal = 52DC249B22512F9C009C6AAD /* Project object */;
			proxyType = 1;
			remoteGlobalIDString = 52DC24A222512F9C009C6AAD;
			remoteInfo = Parstagram;
		};
		52DC24C322512FB8009C6AAD /* PBXContainerItemProxy */ = {
			isa = PBXContainerItemProxy;
			containerPortal = 52DC249B22512F9C009C6AAD /* Project object */;
			proxyType = 1;
			remoteGlobalIDString = 52DC24A222512F9C009C6AAD;
			remoteInfo = Parstagram;
		};
/* End PBXContainerItemProxy section */

/* Begin PBXFileReference section */
		52DC24A322512F9C009C6AAD /* Parstagram.app */ = {isa = PBXFileReference; explicitFileType = wrapper.application; includeInIndex = 0; path = Parstagram.app; sourceTree = BUILT_PRODUCTS_DIR; };
		52DC24A622512F9D009C6AAD /* AppDelegate.swift */ = {isa = PBXFileReference; lastKnownFileType = sourcecode.swift; path = AppDelegate.swift; sourceTree = "<group>"; };
		52DC24A822512F9D009C6AAD /* ViewController.swift */ = {isa = PBXFileReference; lastKnownFileType = sourcecode.swift; path = ViewController.swift; sourceTree = "<group>"; };
		52DC24AB22512F9D009C6AAD /* Base */ = {isa = PBXFileReference; lastKnownFileType = file.storyboard; name = Base; path = Base.lproj/Main.storyboard; sourceTree = "<group>"; };
		52DC24AD22512FB6009C6AAD /* Assets.xcassets */ = {isa = PBXFileReference; lastKnownFileType = folder.assetcatalog; path = Assets.xcassets; sourceTree = "<group>"; };
		52DC24B022512FB6009C6AAD /* Base */ = {isa = PBXFileReference; lastKnownFileType = file.storyboard; name = Base; path = Base.lproj/LaunchScreen.storyboard; sourceTree = "<group>"; };
		52DC24B222512FB6009C6AAD /* Info.plist */ = {isa = PBXFileReference; lastKnownFileType = text.plist.xml; path = Info.plist; sourceTree = "<group>"; };
		52DC24B722512FB8009C6AAD /* ParstagramTests.xctest */ = {isa = PBXFileReference; explicitFileType = wrapper.cfbundle; includeInIndex = 0; path = ParstagramTests.xctest; sourceTree = BUILT_PRODUCTS_DIR; };
		52DC24BB22512FB8009C6AAD /* ParstagramTests.swift */ = {isa = PBXFileReference; lastKnownFileType = sourcecode.swift; path = ParstagramTests.swift; sourceTree = "<group>"; };
		52DC24BD22512FB8009C6AAD /* Info.plist */ = {isa = PBXFileReference; lastKnownFileType = text.plist.xml; path = Info.plist; sourceTree = "<group>"; };
		52DC24C222512FB8009C6AAD /* ParstagramUITests.xctest */ = {isa = PBXFileReference; explicitFileType = wrapper.cfbundle; includeInIndex = 0; path = ParstagramUITests.xctest; sourceTree = BUILT_PRODUCTS_DIR; };
		52DC24C622512FB8009C6AAD /* ParstagramUITests.swift */ = {isa = PBXFileReference; lastKnownFileType = sourcecode.swift; path = ParstagramUITests.swift; sourceTree = "<group>"; };
		52DC24C822512FB8009C6AAD /* Info.plist */ = {isa = PBXFileReference; lastKnownFileType = text.plist.xml; path = Info.plist; sourceTree = "<group>"; };
/* End PBXFileReference section */

/* Begin PBXFrameworksBuildPhase section */
		52DC24A022512F9C009C6AAD /* Frameworks */ = {
			isa = PBXFrameworksBuildPhase;
			buildActionMask = 2147483647;
			files = (
			);
			runOnlyForDeploymentPostprocessing = 0;
		};
		52DC24B422512FB8009C6AAD /* Frameworks */ = {
			isa = PBXFrameworksBuildPhase;
			buildActionMask = 2147483647;
			files = (
			);
			runOnlyForDeploymentPostprocessing = 0;
		};
		52DC24BF22512FB8009C6AAD /* Frameworks */ = {
			isa = PBXFrameworksBuildPhase;
			buildActionMask = 2147483647;
			files = (
			);
			runOnlyForDeploymentPostprocessing = 0;
		};
/* End PBXFrameworksBuildPhase section */

/* Begin PBXGroup section */
		52DC249A22512F9C009C6AAD = {
			isa = PBXGroup;
			children = (
				52DC24A522512F9C009C6AAD /* Parstagram */,
				52DC24BA22512FB8009C6AAD /* ParstagramTests */,
				52DC24C522512FB8009C6AAD /* ParstagramUITests */,
				52DC24A422512F9C009C6AAD /* Products */,
			);
			sourceTree = "<group>";
		};
		52DC24A422512F9C009C6AAD /* Products */ = {
			isa = PBXGroup;
			children = (
				52DC24A322512F9C009C6AAD /* Parstagram.app */,
				52DC24B722512FB8009C6AAD /* ParstagramTests.xctest */,
				52DC24C222512FB8009C6AAD /* ParstagramUITests.xctest */,
			);
			name = Products;
			sourceTree = "<group>";
		};
		52DC24A522512F9C009C6AAD /* Parstagram */ = {
			isa = PBXGroup;
			children = (
				52DC24A622512F9D009C6AAD /* AppDelegate.swift */,
				52DC24A822512F9D009C6AAD /* ViewController.swift */,
				52DC24AA22512F9D009C6AAD /* Main.storyboard */,
				52DC24AD22512FB6009C6AAD /* Assets.xcassets */,
				52DC24AF22512FB6009C6AAD /* LaunchScreen.storyboard */,
				52DC24B222512FB6009C6AAD /* Info.plist */,
			);
			path = Parstagram;
			sourceTree = "<group>";
		};
		52DC24BA22512FB8009C6AAD /* ParstagramTests */ = {
			isa = PBXGroup;
			children = (
				52DC24BB22512FB8009C6AAD /* ParstagramTests.swift */,
				52DC24BD22512FB8009C6AAD /* Info.plist */,
			);
			path = ParstagramTests;
			sourceTree = "<group>";
		};
		52DC24C522512FB8009C6AAD /* ParstagramUITests */ = {
			isa = PBXGroup;
			children = (
				52DC24C622512FB8009C6AAD /* ParstagramUITests.swift */,
				52DC24C822512FB8009C6AAD /* Info.plist */,
			);
			path = ParstagramUITests;
			sourceTree = "<group>";
		};
/* End PBXGroup section */

/* Begin PBXNativeTarget section */
		52DC24A222512F9C009C6AAD /* Parstagram */ = {
			isa = PBXNativeTarget;
			buildConfigurationList = 52DC24CB22512FB8009C6AAD /* Build configuration list for PBXNativeTarget "Parstagram" */;
			buildPhases = (
				52DC249F22512F9C009C6AAD /* Sources */,
				52DC24A022512F9C009C6AAD /* Frameworks */,
				52DC24A122512F9C009C6AAD /* Resources */,
			);
			buildRules = (
			);
			dependencies = (
			);
			name = Parstagram;
			productName = Parstagram;
			productReference = 52DC24A322512F9C009C6AAD /* Parstagram.app */;
			productType = "com.apple.product-type.application";
		};
		52DC24B622512FB8009C6AAD /* ParstagramTests */ = {
			isa = PBXNativeTarget;
			buildConfigurationList = 52DC24CE22512FB8009C6AAD /* Build configuration list for PBXNativeTarget "ParstagramTests" */;
			buildPhases = (
				52DC24B322512FB8009C6AAD /* Sources */,
				52DC24B422512FB8009C6AAD /* Frameworks */,
				52DC24B522512FB8009C6AAD /* Resources */,
			);
			buildRules = (
			);
			dependencies = (
				52DC24B922512FB8009C6AAD /* PBXTargetDependency */,
			);
			name = ParstagramTests;
			productName = ParstagramTests;
			productReference = 52DC24B722512FB8009C6AAD /* ParstagramTests.xctest */;
			productType = "com.apple.product-type.bundle.unit-test";
		};
		52DC24C122512FB8009C6AAD /* ParstagramUITests */ = {
			isa = PBXNativeTarget;
			buildConfigurationList = 52DC24D122512FB8009C6AAD /* Build configuration list for PBXNativeTarget "ParstagramUITests" */;
			buildPhases = (
				52DC24BE22512FB8009C6AAD /* Sources */,
				52DC24BF22512FB8009C6AAD /* Frameworks */,
				52DC24C022512FB8009C6AAD /* Resources */,
			);
			buildRules = (
			);
			dependencies = (
				52DC24C422512FB8009C6AAD /* PBXTargetDependency */,
			);
			name = ParstagramUITests;
			productName = ParstagramUITests;
			productReference = 52DC24C222512FB8009C6AAD /* ParstagramUITests.xctest */;
			productType = "com.apple.product-type.bundle.ui-testing";
		};
/* End PBXNativeTarget section */

/* Begin PBXProject section */
		52DC249B22512F9C009C6AAD /* Project object */ = {
			isa = PBXProject;
			attributes = {
				LastSwiftUpdateCheck = 1010;
				LastUpgradeCheck = 1010;
				ORGANIZATIONNAME = "Ashley Bedford";
				TargetAttributes = {
					52DC24A222512F9C009C6AAD = {
						CreatedOnToolsVersion = 10.1;
					};
					52DC24B622512FB8009C6AAD = {
						CreatedOnToolsVersion = 10.1;
						TestTargetID = 52DC24A222512F9C009C6AAD;
					};
					52DC24C122512FB8009C6AAD = {
						CreatedOnToolsVersion = 10.1;
						TestTargetID = 52DC24A222512F9C009C6AAD;
					};
				};
			};
			buildConfigurationList = 52DC249E22512F9C009C6AAD /* Build configuration list for PBXProject "Parstagram" */;
			compatibilityVersion = "Xcode 9.3";
			developmentRegion = en;
			hasScannedForEncodings = 0;
			knownRegions = (
				en,
				Base,
			);
			mainGroup = 52DC249A22512F9C009C6AAD;
			productRefGroup = 52DC24A422512F9C009C6AAD /* Products */;
			projectDirPath = "";
			projectRoot = "";
			targets = (
				52DC24A222512F9C009C6AAD /* Parstagram */,
				52DC24B622512FB8009C6AAD /* ParstagramTests */,
				52DC24C122512FB8009C6AAD /* ParstagramUITests */,
			);
		};
/* End PBXProject section */

/* Begin PBXResourcesBuildPhase section */
		52DC24A122512F9C009C6AAD /* Resources */ = {
			isa = PBXResourcesBuildPhase;
			buildActionMask = 2147483647;
			files = (
				52DC24B122512FB6009C6AAD /* LaunchScreen.storyboard in Resources */,
				52DC24AE22512FB6009C6AAD /* Assets.xcassets in Resources */,
				52DC24AC22512F9D009C6AAD /* Main.storyboard in Resources */,
			);
			runOnlyForDeploymentPostprocessing = 0;
		};
		52DC24B522512FB8009C6AAD /* Resources */ = {
			isa = PBXResourcesBuildPhase;
			buildActionMask = 2147483647;
			files = (
			);
			runOnlyForDeploymentPostprocessing = 0;
		};
		52DC24C022512FB8009C6AAD /* Resources */ = {
			isa = PBXResourcesBuildPhase;
			buildActionMask = 2147483647;
			files = (
			);
			runOnlyForDeploymentPostprocessing = 0;
		};
/* End PBXResourcesBuildPhase section */

/* Begin PBXSourcesBuildPhase section */
		52DC249F22512F9C009C6AAD /* Sources */ = {
			isa = PBXSourcesBuildPhase;
			buildActionMask = 2147483647;
			files = (
				52DC24A922512F9D009C6AAD /* ViewController.swift in Sources */,
				52DC24A722512F9D009C6AAD /* AppDelegate.swift in Sources */,
			);
			runOnlyForDeploymentPostprocessing = 0;
		};
		52DC24B322512FB8009C6AAD /* Sources */ = {
			isa = PBXSourcesBuildPhase;
			buildActionMask = 2147483647;
			files = (
				52DC24BC22512FB8009C6AAD /* ParstagramTests.swift in Sources */,
			);
			runOnlyForDeploymentPostprocessing = 0;
		};
		52DC24BE22512FB8009C6AAD /* Sources */ = {
			isa = PBXSourcesBuildPhase;
			buildActionMask = 2147483647;
			files = (
				52DC24C722512FB8009C6AAD /* ParstagramUITests.swift in Sources */,
			);
			runOnlyForDeploymentPostprocessing = 0;
		};
/* End PBXSourcesBuildPhase section */

/* Begin PBXTargetDependency section */
		52DC24B922512FB8009C6AAD /* PBXTargetDependency */ = {
			isa = PBXTargetDependency;
			target = 52DC24A222512F9C009C6AAD /* Parstagram */;
			targetProxy = 52DC24B822512FB8009C6AAD /* PBXContainerItemProxy */;
		};
		52DC24C422512FB8009C6AAD /* PBXTargetDependency */ = {
			isa = PBXTargetDependency;
			target = 52DC24A222512F9C009C6AAD /* Parstagram */;
			targetProxy = 52DC24C322512FB8009C6AAD /* PBXContainerItemProxy */;
		};
/* End PBXTargetDependency section */

/* Begin PBXVariantGroup section */
		52DC24AA22512F9D009C6AAD /* Main.storyboard */ = {
			isa = PBXVariantGroup;
			children = (
				52DC24AB22512F9D009C6AAD /* Base */,
			);
			name = Main.storyboard;
			sourceTree = "<group>";
		};
		52DC24AF22512FB6009C6AAD /* LaunchScreen.storyboard */ = {
			isa = PBXVariantGroup;
			children = (
				52DC24B022512FB6009C6AAD /* Base */,
			);
			name = LaunchScreen.storyboard;
			sourceTree = "<group>";
		};
/* End PBXVariantGroup section */

/* Begin XCBuildConfiguration section */
		52DC24C922512FB8009C6AAD /* Debug */ = {
			isa = XCBuildConfiguration;
			buildSettings = {
				ALWAYS_SEARCH_USER_PATHS = NO;
				CLANG_ANALYZER_NONNULL = YES;
				CLANG_ANALYZER_NUMBER_OBJECT_CONVERSION = YES_AGGRESSIVE;
				CLANG_CXX_LANGUAGE_STANDARD = "gnu++14";
				CLANG_CXX_LIBRARY = "libc++";
				CLANG_ENABLE_MODULES = YES;
				CLANG_ENABLE_OBJC_ARC = YES;
				CLANG_ENABLE_OBJC_WEAK = YES;
				CLANG_WARN_BLOCK_CAPTURE_AUTORELEASING = YES;
				CLANG_WARN_BOOL_CONVERSION = YES;
				CLANG_WARN_COMMA = YES;
				CLANG_WARN_CONSTANT_CONVERSION = YES;
				CLANG_WARN_DEPRECATED_OBJC_IMPLEMENTATIONS = YES;
				CLANG_WARN_DIRECT_OBJC_ISA_USAGE = YES_ERROR;
				CLANG_WARN_DOCUMENTATION_COMMENTS = YES;
				CLANG_WARN_EMPTY_BODY = YES;
				CLANG_WARN_ENUM_CONVERSION = YES;
				CLANG_WARN_INFINITE_RECURSION = YES;
				CLANG_WARN_INT_CONVERSION = YES;
				CLANG_WARN_NON_LITERAL_NULL_CONVERSION = YES;
				CLANG_WARN_OBJC_IMPLICIT_RETAIN_SELF = YES;
				CLANG_WARN_OBJC_LITERAL_CONVERSION = YES;
				CLANG_WARN_OBJC_ROOT_CLASS = YES_ERROR;
				CLANG_WARN_RANGE_LOOP_ANALYSIS = YES;
				CLANG_WARN_STRICT_PROTOTYPES = YES;
				CLANG_WARN_SUSPICIOUS_MOVE = YES;
				CLANG_WARN_UNGUARDED_AVAILABILITY = YES_AGGRESSIVE;
				CLANG_WARN_UNREACHABLE_CODE = YES;
				CLANG_WARN__DUPLICATE_METHOD_MATCH = YES;
				CODE_SIGN_IDENTITY = "iPhone Developer";
				COPY_PHASE_STRIP = NO;
				DEBUG_INFORMATION_FORMAT = dwarf;
				ENABLE_STRICT_OBJC_MSGSEND = YES;
				ENABLE_TESTABILITY = YES;
				GCC_C_LANGUAGE_STANDARD = gnu11;
				GCC_DYNAMIC_NO_PIC = NO;
				GCC_NO_COMMON_BLOCKS = YES;
				GCC_OPTIMIZATION_LEVEL = 0;
				GCC_PREPROCESSOR_DEFINITIONS = (
					"DEBUG=1",
					"$(inherited)",
				);
				GCC_WARN_64_TO_32_BIT_CONVERSION = YES;
				GCC_WARN_ABOUT_RETURN_TYPE = YES_ERROR;
				GCC_WARN_UNDECLARED_SELECTOR = YES;
				GCC_WARN_UNINITIALIZED_AUTOS = YES_AGGRESSIVE;
				GCC_WARN_UNUSED_FUNCTION = YES;
				GCC_WARN_UNUSED_VARIABLE = YES;
				IPHONEOS_DEPLOYMENT_TARGET = 12.1;
				MTL_ENABLE_DEBUG_INFO = INCLUDE_SOURCE;
				MTL_FAST_MATH = YES;
				ONLY_ACTIVE_ARCH = YES;
				SDKROOT = iphoneos;
				SWIFT_ACTIVE_COMPILATION_CONDITIONS = DEBUG;
				SWIFT_OPTIMIZATION_LEVEL = "-Onone";
			};
			name = Debug;
		};
		52DC24CA22512FB8009C6AAD /* Release */ = {
			isa = XCBuildConfiguration;
			buildSettings = {
				ALWAYS_SEARCH_USER_PATHS = NO;
				CLANG_ANALYZER_NONNULL = YES;
				CLANG_ANALYZER_NUMBER_OBJECT_CONVERSION = YES_AGGRESSIVE;
				CLANG_CXX_LANGUAGE_STANDARD = "gnu++14";
				CLANG_CXX_LIBRARY = "libc++";
				CLANG_ENABLE_MODULES = YES;
				CLANG_ENABLE_OBJC_ARC = YES;
				CLANG_ENABLE_OBJC_WEAK = YES;
				CLANG_WARN_BLOCK_CAPTURE_AUTORELEASING = YES;
				CLANG_WARN_BOOL_CONVERSION = YES;
				CLANG_WARN_COMMA = YES;
				CLANG_WARN_CONSTANT_CONVERSION = YES;
				CLANG_WARN_DEPRECATED_OBJC_IMPLEMENTATIONS = YES;
				CLANG_WARN_DIRECT_OBJC_ISA_USAGE = YES_ERROR;
				CLANG_WARN_DOCUMENTATION_COMMENTS = YES;
				CLANG_WARN_EMPTY_BODY = YES;
				CLANG_WARN_ENUM_CONVERSION = YES;
				CLANG_WARN_INFINITE_RECURSION = YES;
				CLANG_WARN_INT_CONVERSION = YES;
				CLANG_WARN_NON_LITERAL_NULL_CONVERSION = YES;
				CLANG_WARN_OBJC_IMPLICIT_RETAIN_SELF = YES;
				CLANG_WARN_OBJC_LITERAL_CONVERSION = YES;
				CLANG_WARN_OBJC_ROOT_CLASS = YES_ERROR;
				CLANG_WARN_RANGE_LOOP_ANALYSIS = YES;
				CLANG_WARN_STRICT_PROTOTYPES = YES;
				CLANG_WARN_SUSPICIOUS_MOVE = YES;
				CLANG_WARN_UNGUARDED_AVAILABILITY = YES_AGGRESSIVE;
				CLANG_WARN_UNREACHABLE_CODE = YES;
				CLANG_WARN__DUPLICATE_METHOD_MATCH = YES;
				CODE_SIGN_IDENTITY = "iPhone Developer";
				COPY_PHASE_STRIP = NO;
				DEBUG_INFORMATION_FORMAT = "dwarf-with-dsym";
				ENABLE_NS_ASSERTIONS = NO;
				ENABLE_STRICT_OBJC_MSGSEND = YES;
				GCC_C_LANGUAGE_STANDARD = gnu11;
				GCC_NO_COMMON_BLOCKS = YES;
				GCC_WARN_64_TO_32_BIT_CONVERSION = YES;
				GCC_WARN_ABOUT_RETURN_TYPE = YES_ERROR;
				GCC_WARN_UNDECLARED_SELECTOR = YES;
				GCC_WARN_UNINITIALIZED_AUTOS = YES_AGGRESSIVE;
				GCC_WARN_UNUSED_FUNCTION = YES;
				GCC_WARN_UNUSED_VARIABLE = YES;
				IPHONEOS_DEPLOYMENT_TARGET = 12.1;
				MTL_ENABLE_DEBUG_INFO = NO;
				MTL_FAST_MATH = YES;
				SDKROOT = iphoneos;
				SWIFT_COMPILATION_MODE = wholemodule;
				SWIFT_OPTIMIZATION_LEVEL = "-O";
				VALIDATE_PRODUCT = YES;
			};
			name = Release;
		};
		52DC24CC22512FB8009C6AAD /* Debug */ = {
			isa = XCBuildConfiguration;
			buildSettings = {
				ASSETCATALOG_COMPILER_APPICON_NAME = AppIcon;
				CODE_SIGN_STYLE = Automatic;
				INFOPLIST_FILE = Parstagram/Info.plist;
				LD_RUNPATH_SEARCH_PATHS = (
					"$(inherited)",
					"@executable_path/Frameworks",
				);
				PRODUCT_BUNDLE_IDENTIFIER = com.codepath.Parstagram;
				PRODUCT_NAME = "$(TARGET_NAME)";
				SWIFT_VERSION = 4.2;
				TARGETED_DEVICE_FAMILY = "1,2";
			};
			name = Debug;
		};
		52DC24CD22512FB8009C6AAD /* Release */ = {
			isa = XCBuildConfiguration;
			buildSettings = {
				ASSETCATALOG_COMPILER_APPICON_NAME = AppIcon;
				CODE_SIGN_STYLE = Automatic;
				INFOPLIST_FILE = Parstagram/Info.plist;
				LD_RUNPATH_SEARCH_PATHS = (
					"$(inherited)",
					"@executable_path/Frameworks",
				);
				PRODUCT_BUNDLE_IDENTIFIER = com.codepath.Parstagram;
				PRODUCT_NAME = "$(TARGET_NAME)";
				SWIFT_VERSION = 4.2;
				TARGETED_DEVICE_FAMILY = "1,2";
			};
			name = Release;
		};
		52DC24CF22512FB8009C6AAD /* Debug */ = {
			isa = XCBuildConfiguration;
			buildSettings = {
				ALWAYS_EMBED_SWIFT_STANDARD_LIBRARIES = YES;
				BUNDLE_LOADER = "$(TEST_HOST)";
				CODE_SIGN_STYLE = Automatic;
				INFOPLIST_FILE = ParstagramTests/Info.plist;
				LD_RUNPATH_SEARCH_PATHS = (
					"$(inherited)",
					"@executable_path/Frameworks",
					"@loader_path/Frameworks",
				);
				PRODUCT_BUNDLE_IDENTIFIER = com.codepath.ParstagramTests;
				PRODUCT_NAME = "$(TARGET_NAME)";
				SWIFT_VERSION = 4.2;
				TARGETED_DEVICE_FAMILY = "1,2";
				TEST_HOST = "$(BUILT_PRODUCTS_DIR)/Parstagram.app/Parstagram";
			};
			name = Debug;
		};
		52DC24D022512FB8009C6AAD /* Release */ = {
			isa = XCBuildConfiguration;
			buildSettings = {
				ALWAYS_EMBED_SWIFT_STANDARD_LIBRARIES = YES;
				BUNDLE_LOADER = "$(TEST_HOST)";
				CODE_SIGN_STYLE = Automatic;
				INFOPLIST_FILE = ParstagramTests/Info.plist;
				LD_RUNPATH_SEARCH_PATHS = (
					"$(inherited)",
					"@executable_path/Frameworks",
					"@loader_path/Frameworks",
				);
				PRODUCT_BUNDLE_IDENTIFIER = com.codepath.ParstagramTests;
				PRODUCT_NAME = "$(TARGET_NAME)";
				SWIFT_VERSION = 4.2;
				TARGETED_DEVICE_FAMILY = "1,2";
				TEST_HOST = "$(BUILT_PRODUCTS_DIR)/Parstagram.app/Parstagram";
			};
			name = Release;
		};
		52DC24D222512FB8009C6AAD /* Debug */ = {
			isa = XCBuildConfiguration;
			buildSettings = {
				ALWAYS_EMBED_SWIFT_STANDARD_LIBRARIES = YES;
				CODE_SIGN_STYLE = Automatic;
				INFOPLIST_FILE = ParstagramUITests/Info.plist;
				LD_RUNPATH_SEARCH_PATHS = (
					"$(inherited)",
					"@executable_path/Frameworks",
					"@loader_path/Frameworks",
				);
				PRODUCT_BUNDLE_IDENTIFIER = com.codepath.ParstagramUITests;
				PRODUCT_NAME = "$(TARGET_NAME)";
				SWIFT_VERSION = 4.2;
				TARGETED_DEVICE_FAMILY = "1,2";
				TEST_TARGET_NAME = Parstagram;
			};
			name = Debug;
		};
		52DC24D322512FB8009C6AAD /* Release */ = {
			isa = XCBuildConfiguration;
			buildSettings = {
				ALWAYS_EMBED_SWIFT_STANDARD_LIBRARIES = YES;
				CODE_SIGN_STYLE = Automatic;
				INFOPLIST_FILE = ParstagramUITests/Info.plist;
				LD_RUNPATH_SEARCH_PATHS = (
					"$(inherited)",
					"@executable_path/Frameworks",
					"@loader_path/Frameworks",
				);
				PRODUCT_BUNDLE_IDENTIFIER = com.codepath.ParstagramUITests;
				PRODUCT_NAME = "$(TARGET_NAME)";
				SWIFT_VERSION = 4.2;
				TARGETED_DEVICE_FAMILY = "1,2";
				TEST_TARGET_NAME = Parstagram;
			};
			name = Release;
		};
/* End XCBuildConfiguration section */

/* Begin XCConfigurationList section */
		52DC249E22512F9C009C6AAD /* Build configuration list for PBXProject "Parstagram" */ = {
			isa = XCConfigurationList;
			buildConfigurations = (
				52DC24C922512FB8009C6AAD /* Debug */,
				52DC24CA22512FB8009C6AAD /* Release */,
			);
			defaultConfigurationIsVisible = 0;
			defaultConfigurationName = Release;
		};
		52DC24CB22512FB8009C6AAD /* Build configuration list for PBXNativeTarget "Parstagram" */ = {
			isa = XCConfigurationList;
			buildConfigurations = (
				52DC24CC22512FB8009C6AAD /* Debug */,
				52DC24CD22512FB8009C6AAD /* Release */,
			);
			defaultConfigurationIsVisible = 0;
			defaultConfigurationName = Release;
		};
		52DC24CE22512FB8009C6AAD /* Build configuration list for PBXNativeTarget "ParstagramTests" */ = {
			isa = XCConfigurationList;
			buildConfigurations = (
				52DC24CF22512FB8009C6AAD /* Debug */,
				52DC24D022512FB8009C6AAD /* Release */,
			);
			defaultConfigurationIsVisible = 0;
			defaultConfigurationName = Release;
		};
		52DC24D122512FB8009C6AAD /* Build configuration list for PBXNativeTarget "ParstagramUITests" */ = {
			isa = XCConfigurationList;
			buildConfigurations = (
				52DC24D222512FB8009C6AAD /* Debug */,
				52DC24D322512FB8009C6AAD /* Release */,
			);
			defaultConfigurationIsVisible = 0;
			defaultConfigurationName = Release;
		};
/* End XCConfigurationList section */
	};
	rootObject = 52DC249B22512F9C009C6AAD /* Project object */;
}
